// !$*UTF8*$!
{
	archiveVersion = 1;
	classes = {
	};
	objectVersion = 50;
	objects = {

/* Begin PBXBuildFile section */
		C2B5502CC913F13AE45ABD8D /* Pods_Beta.framework in Frameworks */ = {isa = PBXBuildFile; fileRef = D7C35E9C6EC79FAEC0DDDE9C /* Pods_Beta.framework */; };
		FCABCEF421A710DC00588E8D /* AppDelegate.swift in Sources */ = {isa = PBXBuildFile; fileRef = FCABCEF321A710DC00588E8D /* AppDelegate.swift */; };
		FCABCEF621A710DC00588E8D /* ViewController.swift in Sources */ = {isa = PBXBuildFile; fileRef = FCABCEF521A710DC00588E8D /* ViewController.swift */; };
		FCABCEF921A710DC00588E8D /* Main.storyboard in Resources */ = {isa = PBXBuildFile; fileRef = FCABCEF721A710DC00588E8D /* Main.storyboard */; };
		FCABCEFB21A710DD00588E8D /* Assets.xcassets in Resources */ = {isa = PBXBuildFile; fileRef = FCABCEFA21A710DD00588E8D /* Assets.xcassets */; };
		FCABCEFE21A710DD00588E8D /* LaunchScreen.storyboard in Resources */ = {isa = PBXBuildFile; fileRef = FCABCEFC21A710DD00588E8D /* LaunchScreen.storyboard */; };
		FCABCF0621A711FB00588E8D /* SearchViewController.swift in Sources */ = {isa = PBXBuildFile; fileRef = FCABCF0521A711FB00588E8D /* SearchViewController.swift */; };
		FCABCF0821A71E3E00588E8D /* StockData.swift in Sources */ = {isa = PBXBuildFile; fileRef = FCABCF0721A71E3E00588E8D /* StockData.swift */; };
		FCB358CB21A9BBE800E7CCF9 /* WatchListViewController.swift in Sources */ = {isa = PBXBuildFile; fileRef = FCB358CA21A9BBE800E7CCF9 /* WatchListViewController.swift */; };
/* End PBXBuildFile section */

/* Begin PBXFileReference section */
		523D83B3474C82ADE0BF1799 /* Pods-Beta.release.xcconfig */ = {isa = PBXFileReference; includeInIndex = 1; lastKnownFileType = text.xcconfig; name = "Pods-Beta.release.xcconfig"; path = "Pods/Target Support Files/Pods-Beta/Pods-Beta.release.xcconfig"; sourceTree = "<group>"; };
		D7C35E9C6EC79FAEC0DDDE9C /* Pods_Beta.framework */ = {isa = PBXFileReference; explicitFileType = wrapper.framework; includeInIndex = 0; path = Pods_Beta.framework; sourceTree = BUILT_PRODUCTS_DIR; };
		EDACEB31AB3A850DA3CEF7D3 /* Pods-Beta.debug.xcconfig */ = {isa = PBXFileReference; includeInIndex = 1; lastKnownFileType = text.xcconfig; name = "Pods-Beta.debug.xcconfig"; path = "Pods/Target Support Files/Pods-Beta/Pods-Beta.debug.xcconfig"; sourceTree = "<group>"; };
		FCABCEF021A710DC00588E8D /* Beta.app */ = {isa = PBXFileReference; explicitFileType = wrapper.application; includeInIndex = 0; path = Beta.app; sourceTree = BUILT_PRODUCTS_DIR; };
		FCABCEF321A710DC00588E8D /* AppDelegate.swift */ = {isa = PBXFileReference; lastKnownFileType = sourcecode.swift; path = AppDelegate.swift; sourceTree = "<group>"; };
		FCABCEF521A710DC00588E8D /* ViewController.swift */ = {isa = PBXFileReference; lastKnownFileType = sourcecode.swift; path = ViewController.swift; sourceTree = "<group>"; };
		FCABCEF821A710DC00588E8D /* Base */ = {isa = PBXFileReference; lastKnownFileType = file.storyboard; name = Base; path = Base.lproj/Main.storyboard; sourceTree = "<group>"; };
		FCABCEFA21A710DD00588E8D /* Assets.xcassets */ = {isa = PBXFileReference; lastKnownFileType = folder.assetcatalog; path = Assets.xcassets; sourceTree = "<group>"; };
		FCABCEFD21A710DD00588E8D /* Base */ = {isa = PBXFileReference; lastKnownFileType = file.storyboard; name = Base; path = Base.lproj/LaunchScreen.storyboard; sourceTree = "<group>"; };
		FCABCEFF21A710DD00588E8D /* Info.plist */ = {isa = PBXFileReference; lastKnownFileType = text.plist.xml; path = Info.plist; sourceTree = "<group>"; };
		FCABCF0521A711FB00588E8D /* SearchViewController.swift */ = {isa = PBXFileReference; lastKnownFileType = sourcecode.swift; path = SearchViewController.swift; sourceTree = "<group>"; };
		FCABCF0721A71E3E00588E8D /* StockData.swift */ = {isa = PBXFileReference; lastKnownFileType = sourcecode.swift; path = StockData.swift; sourceTree = "<group>"; };
		FCB358CA21A9BBE800E7CCF9 /* WatchListViewController.swift */ = {isa = PBXFileReference; lastKnownFileType = sourcecode.swift; path = WatchListViewController.swift; sourceTree = "<group>"; };
/* End PBXFileReference section */

/* Begin PBXFrameworksBuildPhase section */
		FCABCEED21A710DC00588E8D /* Frameworks */ = {
			isa = PBXFrameworksBuildPhase;
			buildActionMask = 2147483647;
			files = (
				C2B5502CC913F13AE45ABD8D /* Pods_Beta.framework in Frameworks */,
			);
			runOnlyForDeploymentPostprocessing = 0;
		};
/* End PBXFrameworksBuildPhase section */

/* Begin PBXGroup section */
		498818028A87FF7DF148C0C3 /* Frameworks */ = {
			isa = PBXGroup;
			children = (
				D7C35E9C6EC79FAEC0DDDE9C /* Pods_Beta.framework */,
			);
			name = Frameworks;
			sourceTree = "<group>";
		};
		C460D4C9225F7B24C4F2E418 /* Pods */ = {
			isa = PBXGroup;
			children = (
				EDACEB31AB3A850DA3CEF7D3 /* Pods-Beta.debug.xcconfig */,
				523D83B3474C82ADE0BF1799 /* Pods-Beta.release.xcconfig */,
			);
			name = Pods;
			sourceTree = "<group>";
		};
		FCABCEE721A710DC00588E8D = {
			isa = PBXGroup;
			children = (
				FCABCEF221A710DC00588E8D /* Beta */,
				FCABCEF121A710DC00588E8D /* Products */,
				C460D4C9225F7B24C4F2E418 /* Pods */,
				498818028A87FF7DF148C0C3 /* Frameworks */,
			);
			sourceTree = "<group>";
		};
		FCABCEF121A710DC00588E8D /* Products */ = {
			isa = PBXGroup;
			children = (
				FCABCEF021A710DC00588E8D /* Beta.app */,
			);
			name = Products;
			sourceTree = "<group>";
		};
		FCABCEF221A710DC00588E8D /* Beta */ = {
			isa = PBXGroup;
			children = (
				FCABCEF321A710DC00588E8D /* AppDelegate.swift */,
				FCABCEF521A710DC00588E8D /* ViewController.swift */,
				FCABCEF721A710DC00588E8D /* Main.storyboard */,
				FCABCEFA21A710DD00588E8D /* Assets.xcassets */,
				FCABCEFC21A710DD00588E8D /* LaunchScreen.storyboard */,
				FCABCEFF21A710DD00588E8D /* Info.plist */,
				FCABCF0521A711FB00588E8D /* SearchViewController.swift */,
				FCABCF0721A71E3E00588E8D /* StockData.swift */,
				FCB358CA21A9BBE800E7CCF9 /* WatchListViewController.swift */,
			);
			path = Beta;
			sourceTree = "<group>";
		};
/* End PBXGroup section */

/* Begin PBXNativeTarget section */
		FCABCEEF21A710DC00588E8D /* Beta */ = {
			isa = PBXNativeTarget;
			buildConfigurationList = FCABCF0221A710DD00588E8D /* Build configuration list for PBXNativeTarget "Beta" */;
			buildPhases = (
				3859809B92AA1E4A3C73C5AD /* [CP] Check Pods Manifest.lock */,
				FCABCEEC21A710DC00588E8D /* Sources */,
				FCABCEED21A710DC00588E8D /* Frameworks */,
				FCABCEEE21A710DC00588E8D /* Resources */,
				ABC1E811CFFEAC585DDA0F48 /* [CP] Embed Pods Frameworks */,
			);
			buildRules = (
			);
			dependencies = (
			);
			name = Beta;
			productName = Beta;
			productReference = FCABCEF021A710DC00588E8D /* Beta.app */;
			productType = "com.apple.product-type.application";
		};
/* End PBXNativeTarget section */

/* Begin PBXProject section */
		FCABCEE821A710DC00588E8D /* Project object */ = {
			isa = PBXProject;
			attributes = {
				LastSwiftUpdateCheck = 1010;
				LastUpgradeCheck = 1010;
				ORGANIZATIONNAME = AlleyneVentures;
				TargetAttributes = {
					FCABCEEF21A710DC00588E8D = {
						CreatedOnToolsVersion = 10.1;
					};
				};
			};
			buildConfigurationList = FCABCEEB21A710DC00588E8D /* Build configuration list for PBXProject "Beta" */;
			compatibilityVersion = "Xcode 9.3";
			developmentRegion = en;
			hasScannedForEncodings = 0;
			knownRegions = (
				en,
				Base,
			);
			mainGroup = FCABCEE721A710DC00588E8D;
			productRefGroup = FCABCEF121A710DC00588E8D /* Products */;
			projectDirPath = "";
			projectRoot = "";
			targets = (
				FCABCEEF21A710DC00588E8D /* Beta */,
			);
		};
/* End PBXProject section */

/* Begin PBXResourcesBuildPhase section */
		FCABCEEE21A710DC00588E8D /* Resources */ = {
			isa = PBXResourcesBuildPhase;
			buildActionMask = 2147483647;
			files = (
				FCABCEFE21A710DD00588E8D /* LaunchScreen.storyboard in Resources */,
				FCABCEFB21A710DD00588E8D /* Assets.xcassets in Resources */,
				FCABCEF921A710DC00588E8D /* Main.storyboard in Resources */,
			);
			runOnlyForDeploymentPostprocessing = 0;
		};
/* End PBXResourcesBuildPhase section */

/* Begin PBXShellScriptBuildPhase section */
		3859809B92AA1E4A3C73C5AD /* [CP] Check Pods Manifest.lock */ = {
			isa = PBXShellScriptBuildPhase;
			buildActionMask = 2147483647;
			files = (
			);
			inputFileListPaths = (
			);
			inputPaths = (
				"${PODS_PODFILE_DIR_PATH}/Podfile.lock",
				"${PODS_ROOT}/Manifest.lock",
			);
			name = "[CP] Check Pods Manifest.lock";
			outputFileListPaths = (
			);
			outputPaths = (
				"$(DERIVED_FILE_DIR)/Pods-Beta-checkManifestLockResult.txt",
			);
			runOnlyForDeploymentPostprocessing = 0;
			shellPath = /bin/sh;
			shellScript = "diff \"${PODS_PODFILE_DIR_PATH}/Podfile.lock\" \"${PODS_ROOT}/Manifest.lock\" > /dev/null\nif [ $? != 0 ] ; then\n    # print error to STDERR\n    echo \"error: The sandbox is not in sync with the Podfile.lock. Run 'pod install' or update your CocoaPods installation.\" >&2\n    exit 1\nfi\n# This output is used by Xcode 'outputs' to avoid re-running this script phase.\necho \"SUCCESS\" > \"${SCRIPT_OUTPUT_FILE_0}\"\n";
			showEnvVarsInLog = 0;
		};
		ABC1E811CFFEAC585DDA0F48 /* [CP] Embed Pods Frameworks */ = {
			isa = PBXShellScriptBuildPhase;
			buildActionMask = 2147483647;
			files = (
			);
			inputFileListPaths = (
			);
			inputPaths = (
				"${SRCROOT}/Pods/Target Support Files/Pods-Beta/Pods-Beta-frameworks.sh",
				"${BUILT_PRODUCTS_DIR}/Alamofire/Alamofire.framework",
				"${BUILT_PRODUCTS_DIR}/SVProgressHUD/SVProgressHUD.framework",
				"${BUILT_PRODUCTS_DIR}/ScrollableGraphView/ScrollableGraphView.framework",
				"${BUILT_PRODUCTS_DIR}/SwiftyJSON/SwiftyJSON.framework",
			);
			name = "[CP] Embed Pods Frameworks";
			outputFileListPaths = (
			);
			outputPaths = (
				"${TARGET_BUILD_DIR}/${FRAMEWORKS_FOLDER_PATH}/Alamofire.framework",
				"${TARGET_BUILD_DIR}/${FRAMEWORKS_FOLDER_PATH}/SVProgressHUD.framework",
				"${TARGET_BUILD_DIR}/${FRAMEWORKS_FOLDER_PATH}/ScrollableGraphView.framework",
				"${TARGET_BUILD_DIR}/${FRAMEWORKS_FOLDER_PATH}/SwiftyJSON.framework",
			);
			runOnlyForDeploymentPostprocessing = 0;
			shellPath = /bin/sh;
			shellScript = "\"${SRCROOT}/Pods/Target Support Files/Pods-Beta/Pods-Beta-frameworks.sh\"\n";
			showEnvVarsInLog = 0;
		};
/* End PBXShellScriptBuildPhase section */

/* Begin PBXSourcesBuildPhase section */
		FCABCEEC21A710DC00588E8D /* Sources */ = {
			isa = PBXSourcesBuildPhase;
			buildActionMask = 2147483647;
			files = (
				FCABCF0821A71E3E00588E8D /* StockData.swift in Sources */,
				FCABCF0621A711FB00588E8D /* SearchViewController.swift in Sources */,
				FCABCEF621A710DC00588E8D /* ViewController.swift in Sources */,
				FCB358CB21A9BBE800E7CCF9 /* WatchListViewController.swift in Sources */,
				FCABCEF421A710DC00588E8D /* AppDelegate.swift in Sources */,
			);
			runOnlyForDeploymentPostprocessing = 0;
		};
/* End PBXSourcesBuildPhase section */

/* Begin PBXVariantGroup section */
		FCABCEF721A710DC00588E8D /* Main.storyboard */ = {
			isa = PBXVariantGroup;
			children = (
				FCABCEF821A710DC00588E8D /* Base */,
			);
			name = Main.storyboard;
			sourceTree = "<group>";
		};
		FCABCEFC21A710DD00588E8D /* LaunchScreen.storyboard */ = {
			isa = PBXVariantGroup;
			children = (
				FCABCEFD21A710DD00588E8D /* Base */,
			);
			name = LaunchScreen.storyboard;
			sourceTree = "<group>";
		};
/* End PBXVariantGroup section */

/* Begin XCBuildConfiguration section */
		FCABCF0021A710DD00588E8D /* Debug */ = {
			isa = XCBuildConfiguration;
			buildSettings = {
				ALWAYS_SEARCH_USER_PATHS = NO;
				CLANG_ANALYZER_NONNULL = YES;
				CLANG_ANALYZER_NUMBER_OBJECT_CONVERSION = YES_AGGRESSIVE;
				CLANG_CXX_LANGUAGE_STANDARD = "gnu++14";
				CLANG_CXX_LIBRARY = "libc++";
				CLANG_ENABLE_MODULES = YES;
				CLANG_ENABLE_OBJC_ARC = YES;
				CLANG_ENABLE_OBJC_WEAK = YES;
				CLANG_WARN_BLOCK_CAPTURE_AUTORELEASING = YES;
				CLANG_WARN_BOOL_CONVERSION = YES;
				CLANG_WARN_COMMA = YES;
				CLANG_WARN_CONSTANT_CONVERSION = YES;
				CLANG_WARN_DEPRECATED_OBJC_IMPLEMENTATIONS = YES;
				CLANG_WARN_DIRECT_OBJC_ISA_USAGE = YES_ERROR;
				CLANG_WARN_DOCUMENTATION_COMMENTS = YES;
				CLANG_WARN_EMPTY_BODY = YES;
				CLANG_WARN_ENUM_CONVERSION = YES;
				CLANG_WARN_INFINITE_RECURSION = YES;
				CLANG_WARN_INT_CONVERSION = YES;
				CLANG_WARN_NON_LITERAL_NULL_CONVERSION = YES;
				CLANG_WARN_OBJC_IMPLICIT_RETAIN_SELF = YES;
				CLANG_WARN_OBJC_LITERAL_CONVERSION = YES;
				CLANG_WARN_OBJC_ROOT_CLASS = YES_ERROR;
				CLANG_WARN_RANGE_LOOP_ANALYSIS = YES;
				CLANG_WARN_STRICT_PROTOTYPES = YES;
				CLANG_WARN_SUSPICIOUS_MOVE = YES;
				CLANG_WARN_UNGUARDED_AVAILABILITY = YES_AGGRESSIVE;
				CLANG_WARN_UNREACHABLE_CODE = YES;
				CLANG_WARN__DUPLICATE_METHOD_MATCH = YES;
				CODE_SIGN_IDENTITY = "iPhone Developer";
				COPY_PHASE_STRIP = NO;
				DEBUG_INFORMATION_FORMAT = dwarf;
				ENABLE_STRICT_OBJC_MSGSEND = YES;
				ENABLE_TESTABILITY = YES;
				GCC_C_LANGUAGE_STANDARD = gnu11;
				GCC_DYNAMIC_NO_PIC = NO;
				GCC_NO_COMMON_BLOCKS = YES;
				GCC_OPTIMIZATION_LEVEL = 0;
				GCC_PREPROCESSOR_DEFINITIONS = (
					"DEBUG=1",
					"$(inherited)",
				);
				GCC_WARN_64_TO_32_BIT_CONVERSION = YES;
				GCC_WARN_ABOUT_RETURN_TYPE = YES_ERROR;
				GCC_WARN_UNDECLARED_SELECTOR = YES;
				GCC_WARN_UNINITIALIZED_AUTOS = YES_AGGRESSIVE;
				GCC_WARN_UNUSED_FUNCTION = YES;
				GCC_WARN_UNUSED_VARIABLE = YES;
				IPHONEOS_DEPLOYMENT_TARGET = 12.1;
				MTL_ENABLE_DEBUG_INFO = INCLUDE_SOURCE;
				MTL_FAST_MATH = YES;
				ONLY_ACTIVE_ARCH = YES;
				SDKROOT = iphoneos;
				SWIFT_ACTIVE_COMPILATION_CONDITIONS = DEBUG;
				SWIFT_OPTIMIZATION_LEVEL = "-Onone";
			};
			name = Debug;
		};
		FCABCF0121A710DD00588E8D /* Release */ = {
			isa = XCBuildConfiguration;
			buildSettings = {
				ALWAYS_SEARCH_USER_PATHS = NO;
				CLANG_ANALYZER_NONNULL = YES;
				CLANG_ANALYZER_NUMBER_OBJECT_CONVERSION = YES_AGGRESSIVE;
				CLANG_CXX_LANGUAGE_STANDARD = "gnu++14";
				CLANG_CXX_LIBRARY = "libc++";
				CLANG_ENABLE_MODULES = YES;
				CLANG_ENABLE_OBJC_ARC = YES;
				CLANG_ENABLE_OBJC_WEAK = YES;
				CLANG_WARN_BLOCK_CAPTURE_AUTORELEASING = YES;
				CLANG_WARN_BOOL_CONVERSION = YES;
				CLANG_WARN_COMMA = YES;
				CLANG_WARN_CONSTANT_CONVERSION = YES;
				CLANG_WARN_DEPRECATED_OBJC_IMPLEMENTATIONS = YES;
				CLANG_WARN_DIRECT_OBJC_ISA_USAGE = YES_ERROR;
				CLANG_WARN_DOCUMENTATION_COMMENTS = YES;
				CLANG_WARN_EMPTY_BODY = YES;
				CLANG_WARN_ENUM_CONVERSION = YES;
				CLANG_WARN_INFINITE_RECURSION = YES;
				CLANG_WARN_INT_CONVERSION = YES;
				CLANG_WARN_NON_LITERAL_NULL_CONVERSION = YES;
				CLANG_WARN_OBJC_IMPLICIT_RETAIN_SELF = YES;
				CLANG_WARN_OBJC_LITERAL_CONVERSION = YES;
				CLANG_WARN_OBJC_ROOT_CLASS = YES_ERROR;
				CLANG_WARN_RANGE_LOOP_ANALYSIS = YES;
				CLANG_WARN_STRICT_PROTOTYPES = YES;
				CLANG_WARN_SUSPICIOUS_MOVE = YES;
				CLANG_WARN_UNGUARDED_AVAILABILITY = YES_AGGRESSIVE;
				CLANG_WARN_UNREACHABLE_CODE = YES;
				CLANG_WARN__DUPLICATE_METHOD_MATCH = YES;
				CODE_SIGN_IDENTITY = "iPhone Developer";
				COPY_PHASE_STRIP = NO;
				DEBUG_INFORMATION_FORMAT = "dwarf-with-dsym";
				ENABLE_NS_ASSERTIONS = NO;
				ENABLE_STRICT_OBJC_MSGSEND = YES;
				GCC_C_LANGUAGE_STANDARD = gnu11;
				GCC_NO_COMMON_BLOCKS = YES;
				GCC_WARN_64_TO_32_BIT_CONVERSION = YES;
				GCC_WARN_ABOUT_RETURN_TYPE = YES_ERROR;
				GCC_WARN_UNDECLARED_SELECTOR = YES;
				GCC_WARN_UNINITIALIZED_AUTOS = YES_AGGRESSIVE;
				GCC_WARN_UNUSED_FUNCTION = YES;
				GCC_WARN_UNUSED_VARIABLE = YES;
				IPHONEOS_DEPLOYMENT_TARGET = 12.1;
				MTL_ENABLE_DEBUG_INFO = NO;
				MTL_FAST_MATH = YES;
				SDKROOT = iphoneos;
				SWIFT_COMPILATION_MODE = wholemodule;
				SWIFT_OPTIMIZATION_LEVEL = "-O";
				VALIDATE_PRODUCT = YES;
			};
			name = Release;
		};
		FCABCF0321A710DD00588E8D /* Debug */ = {
			isa = XCBuildConfiguration;
			baseConfigurationReference = EDACEB31AB3A850DA3CEF7D3 /* Pods-Beta.debug.xcconfig */;
			buildSettings = {
				ASSETCATALOG_COMPILER_APPICON_NAME = AppIcon;
				CODE_SIGN_STYLE = Automatic;
				DEVELOPMENT_TEAM = 6G2AM6B3VP;
				INFOPLIST_FILE = Beta/Info.plist;
				LD_RUNPATH_SEARCH_PATHS = (
					"$(inherited)",
					"@executable_path/Frameworks",
				);
				PRODUCT_BUNDLE_IDENTIFIER = com.AlleyneVentures.Beta;
				PRODUCT_NAME = "$(TARGET_NAME)";
				SWIFT_VERSION = 4.2;
				TARGETED_DEVICE_FAMILY = "1,2";
			};
			name = Debug;
		};
		FCABCF0421A710DD00588E8D /* Release */ = {
			isa = XCBuildConfiguration;
			baseConfigurationReference = 523D83B3474C82ADE0BF1799 /* Pods-Beta.release.xcconfig */;
			buildSettings = {
				ASSETCATALOG_COMPILER_APPICON_NAME = AppIcon;
				CODE_SIGN_STYLE = Automatic;
				DEVELOPMENT_TEAM = 6G2AM6B3VP;
				INFOPLIST_FILE = Beta/Info.plist;
				LD_RUNPATH_SEARCH_PATHS = (
					"$(inherited)",
					"@executable_path/Frameworks",
				);
				PRODUCT_BUNDLE_IDENTIFIER = com.AlleyneVentures.Beta;
				PRODUCT_NAME = "$(TARGET_NAME)";
				SWIFT_VERSION = 4.2;
				TARGETED_DEVICE_FAMILY = "1,2";
			};
			name = Release;
		};
/* End XCBuildConfiguration section */

/* Begin XCConfigurationList section */
		FCABCEEB21A710DC00588E8D /* Build configuration list for PBXProject "Beta" */ = {
			isa = XCConfigurationList;
			buildConfigurations = (
				FCABCF0021A710DD00588E8D /* Debug */,
				FCABCF0121A710DD00588E8D /* Release */,
			);
			defaultConfigurationIsVisible = 0;
			defaultConfigurationName = Release;
		};
		FCABCF0221A710DD00588E8D /* Build configuration list for PBXNativeTarget "Beta" */ = {
			isa = XCConfigurationList;
			buildConfigurations = (
				FCABCF0321A710DD00588E8D /* Debug */,
				FCABCF0421A710DD00588E8D /* Release */,
			);
			defaultConfigurationIsVisible = 0;
			defaultConfigurationName = Release;
		};
/* End XCConfigurationList section */
	};
	rootObject = FCABCEE821A710DC00588E8D /* Project object */;
}
